
Microsoft Visual Studio Solution File, Format Version 12.00
# Visual Studio 15
VisualStudioVersion = 15.0.27428.1
MinimumVisualStudioVersion = 10.0.40219.1
Project("{FAE04EC0-301F-11D3-BF4B-00C04F79EFBC}") = "FileProcessingHelper", "FileProcessingHelper\FileProcessingHelper.csproj", "{D04FB1D8-B870-41DC-A683-346431B5F60C}"
EndProject
Project("{FAE04EC0-301F-11D3-BF4B-00C04F79EFBC}") = "BasicIO", "BasicIO\BasicIO.csproj", "{593AEE3C-7509-4246-A9B2-FC76BFA4801A}"
EndProject
Global
	GlobalSection(SolutionConfigurationPlatforms) = preSolution
		Debug|Any CPU = Debug|Any CPU
		Release|Any CPU = Release|Any CPU
	EndGlobalSection
	GlobalSection(ProjectConfigurationPlatforms) = postSolution
		{D04FB1D8-B870-41DC-A683-346431B5F60C}.Debug|Any CPU.ActiveCfg = Debug|Any CPU
		{D04FB1D8-B870-41DC-A683-346431B5F60C}.Debug|Any CPU.Build.0 = Debug|Any CPU
		{D04FB1D8-B870-41DC-A683-346431B5F60C}.Release|Any CPU.ActiveCfg = Release|Any CPU
		{D04FB1D8-B870-41DC-A683-346431B5F60C}.Release|Any CPU.Build.0 = Release|Any CPU
		{593AEE3C-7509-4246-A9B2-FC76BFA4801A}.Debug|Any CPU.ActiveCfg = Debug|Any CPU
		{593AEE3C-7509-4246-A9B2-FC76BFA4801A}.Debug|Any CPU.Build.0 = Debug|Any CPU
		{593AEE3C-7509-4246-A9B2-FC76BFA4801A}.Release|Any CPU.ActiveCfg = Release|Any CPU
		{593AEE3C-7509-4246-A9B2-FC76BFA4801A}.Release|Any CPU.Build.0 = Release|Any CPU
	EndGlobalSection
	GlobalSection(SolutionProperties) = preSolution
		HideSolutionNode = FALSE
	EndGlobalSection
	GlobalSection(ExtensibilityGlobals) = postSolution
		SolutionGuid = {E6482AEA-0053-4930-8FB2-7C6D079BD7B1}
	EndGlobalSection
EndGlobal
